
Microsoft Visual Studio Solution File, Format Version 12.00
# Visual Studio Version 17
VisualStudioVersion = 17.2.32630.192
MinimumVisualStudioVersion = 10.0.40219.1
Project("{FAE04EC0-301F-11D3-BF4B-00C04F79EFBC}") = "CurrentLangMenu", "CurrentLangMenu.csproj", "{5546155E-9ED7-4C58-97CE-4CE9BB260DF6}"
EndProject
Global
	GlobalSection(SolutionConfigurationPlatforms) = preSolution
		Debug|Any CPU = Debug|Any CPU
		Release|Any CPU = Release|Any CPU
	EndGlobalSection
	GlobalSection(ProjectConfigurationPlatforms) = postSolution
		{5546155E-9ED7-4C58-97CE-4CE9BB260DF6}.Debug|Any CPU.ActiveCfg = Debug|Any CPU
		{5546155E-9ED7-4C58-97CE-4CE9BB260DF6}.Debug|Any CPU.Build.0 = Debug|Any CPU
		{5546155E-9ED7-4C58-97CE-4CE9BB260DF6}.Release|Any CPU.ActiveCfg = Release|Any CPU
		{5546155E-9ED7-4C58-97CE-4CE9BB260DF6}.Release|Any CPU.Build.0 = Release|Any CPU
	EndGlobalSection
	GlobalSection(SolutionProperties) = preSolution
		HideSolutionNode = FALSE
	EndGlobalSection
	GlobalSection(ExtensibilityGlobals) = postSolution
		SolutionGuid = {E5FF1D6A-ECAF-42D9-A5E2-E8000142A7F6}
	EndGlobalSection
EndGlobal
